{
    "version": 3,
    "terraform_version": "0.11.10",
    "serial": 7,
    "lineage": "33f1d639-7055-c2b0-5ce4-317580c46eff",
    "modules": [
        {
            "path": [
                "root"
            ],
            "outputs": {
                "back_end_ips": {
                    "sensitive": false,
                    "type": "list",
                    "value": [
                        "18.213.116.66",
                        "54.209.139.50"
                    ]
                },
                "front_end_ips": {
                    "sensitive": false,
                    "type": "list",
                    "value": [
                        "34.247.186.219"
                    ]
                }
            },
            "resources": {},
            "depends_on": []
        },
        {
            "path": [
                "root",
                "backend"
            ],
            "outputs": {
                "ips": {
                    "sensitive": false,
                    "type": "list",
                    "value": [
                        "18.213.116.66",
                        "54.209.139.50"
                    ]
                }
            },
            "resources": {
                "aws_instance.instance.0": {
                    "type": "aws_instance",
                    "depends_on": [
                        "data.aws_availability_zones.available"
                    ],
                    "primary": {
                        "id": "i-0cafc6a1c91ff94d8",
                        "attributes": {
                            "ami": "ami-0565af6e282977273",
                            "arn": "arn:aws:ec2:us-east-1:001613358280:instance/i-0cafc6a1c91ff94d8",
                            "associate_public_ip_address": "true",
                            "availability_zone": "us-east-1a",
                            "cpu_core_count": "1",
                            "cpu_threads_per_core": "1",
                            "credit_specification.#": "1",
                            "credit_specification.0.cpu_credits": "standard",
                            "disable_api_termination": "false",
                            "ebs_block_device.#": "0",
                            "ebs_optimized": "false",
                            "ephemeral_block_device.#": "0",
                            "get_password_data": "false",
                            "iam_instance_profile": "",
                            "id": "i-0cafc6a1c91ff94d8",
                            "instance_state": "running",
                            "instance_type": "t2.micro",
                            "ipv6_addresses.#": "0",
                            "key_name": "",
                            "monitoring": "false",
                            "network_interface.#": "0",
                            "password_data": "",
                            "placement_group": "",
                            "primary_network_interface_id": "eni-0eca111c7139a73e1",
                            "private_dns": "ip-172-31-7-37.ec2.internal",
                            "private_ip": "172.31.7.37",
                            "public_dns": "ec2-18-213-116-66.compute-1.amazonaws.com",
                            "public_ip": "18.213.116.66",
                            "root_block_device.#": "1",
                            "root_block_device.0.delete_on_termination": "true",
                            "root_block_device.0.iops": "100",
                            "root_block_device.0.volume_id": "vol-0e2d112b1269c798b",
                            "root_block_device.0.volume_size": "8",
                            "root_block_device.0.volume_type": "gp2",
                            "security_groups.#": "1",
                            "security_groups.3814588639": "default",
                            "source_dest_check": "true",
                            "subnet_id": "subnet-02744b6bd1c3b13f6",
                            "tags.%": "0",
                            "tenancy": "default",
                            "volume_tags.%": "0",
                            "vpc_security_group_ids.#": "1",
                            "vpc_security_group_ids.569063272": "sg-082e0d99d8d6de7aa"
                        },
                        "meta": {
                            "e2bfb730-ecaa-11e6-8f88-34363bc7c4c0": {
                                "create": 600000000000,
                                "delete": 1200000000000,
                                "update": 600000000000
                            },
                            "schema_version": "1"
                        },
                        "tainted": false
                    },
                    "deposed": [],
                    "provider": "module.backend.provider.aws"
                },
                "aws_instance.instance.1": {
                    "type": "aws_instance",
                    "depends_on": [
                        "data.aws_availability_zones.available"
                    ],
                    "primary": {
                        "id": "i-027e8ef7eb408bf88",
                        "attributes": {
                            "ami": "ami-0565af6e282977273",
                            "arn": "arn:aws:ec2:us-east-1:001613358280:instance/i-027e8ef7eb408bf88",
                            "associate_public_ip_address": "true",
                            "availability_zone": "us-east-1b",
                            "cpu_core_count": "1",
                            "cpu_threads_per_core": "1",
                            "credit_specification.#": "1",
                            "credit_specification.0.cpu_credits": "standard",
                            "disable_api_termination": "false",
                            "ebs_block_device.#": "0",
                            "ebs_optimized": "false",
                            "ephemeral_block_device.#": "0",
                            "get_password_data": "false",
                            "iam_instance_profile": "",
                            "id": "i-027e8ef7eb408bf88",
                            "instance_state": "running",
                            "instance_type": "t2.micro",
                            "ipv6_addresses.#": "0",
                            "key_name": "",
                            "monitoring": "false",
                            "network_interface.#": "0",
                            "password_data": "",
                            "placement_group": "",
                            "primary_network_interface_id": "eni-081bf762a153fee46",
                            "private_dns": "ip-172-31-54-28.ec2.internal",
                            "private_ip": "172.31.54.28",
                            "public_dns": "ec2-54-209-139-50.compute-1.amazonaws.com",
                            "public_ip": "54.209.139.50",
                            "root_block_device.#": "1",
                            "root_block_device.0.delete_on_termination": "true",
                            "root_block_device.0.iops": "100",
                            "root_block_device.0.volume_id": "vol-0385d0cbef3d1e8de",
                            "root_block_device.0.volume_size": "8",
                            "root_block_device.0.volume_type": "gp2",
                            "security_groups.#": "1",
                            "security_groups.3814588639": "default",
                            "source_dest_check": "true",
                            "subnet_id": "subnet-0727810cafe6a5eab",
                            "tags.%": "0",
                            "tenancy": "default",
                            "volume_tags.%": "0",
                            "vpc_security_group_ids.#": "1",
                            "vpc_security_group_ids.569063272": "sg-082e0d99d8d6de7aa"
                        },
                        "meta": {
                            "e2bfb730-ecaa-11e6-8f88-34363bc7c4c0": {
                                "create": 600000000000,
                                "delete": 1200000000000,
                                "update": 600000000000
                            },
                            "schema_version": "1"
                        },
                        "tainted": false
                    },
                    "deposed": [],
                    "provider": "module.backend.provider.aws"
                },
                "data.aws_availability_zones.available": {
                    "type": "aws_availability_zones",
                    "depends_on": [],
                    "primary": {
                        "id": "2019-03-19 19:21:22.932781449 +0000 UTC",
                        "attributes": {
                            "id": "2019-03-19 19:21:22.932781449 +0000 UTC",
                            "names.#": "6",
                            "names.0": "us-east-1a",
                            "names.1": "us-east-1b",
                            "names.2": "us-east-1c",
                            "names.3": "us-east-1d",
                            "names.4": "us-east-1e",
                            "names.5": "us-east-1f",
                            "zone_ids.#": "6",
                            "zone_ids.0": "use1-az1",
                            "zone_ids.1": "use1-az3",
                            "zone_ids.2": "use1-az4",
                            "zone_ids.3": "use1-az6",
                            "zone_ids.4": "use1-az2",
                            "zone_ids.5": "use1-az5"
                        },
                        "meta": {},
                        "tainted": false
                    },
                    "deposed": [],
                    "provider": "module.backend.provider.aws"
                }
            },
            "depends_on": []
        },
        {
            "path": [
                "root",
                "frontend"
            ],
            "outputs": {
                "ips": {
                    "sensitive": false,
                    "type": "list",
                    "value": [
                        "34.247.186.219"
                    ]
                }
            },
            "resources": {
                "aws_instance.instance": {
                    "type": "aws_instance",
                    "depends_on": [
                        "data.aws_availability_zones.available"
                    ],
                    "primary": {
                        "id": "i-02a9f6e9284e9898e",
                        "attributes": {
                            "ami": "ami-08660f1c6fb6b01e7",
                            "arn": "arn:aws:ec2:eu-west-1:001613358280:instance/i-02a9f6e9284e9898e",
                            "associate_public_ip_address": "true",
                            "availability_zone": "eu-west-1a",
                            "cpu_core_count": "1",
                            "cpu_threads_per_core": "1",
                            "credit_specification.#": "1",
                            "credit_specification.0.cpu_credits": "standard",
                            "disable_api_termination": "false",
                            "ebs_block_device.#": "0",
                            "ebs_optimized": "false",
                            "ephemeral_block_device.#": "0",
                            "get_password_data": "false",
                            "iam_instance_profile": "",
                            "id": "i-02a9f6e9284e9898e",
                            "instance_state": "running",
                            "instance_type": "t2.micro",
                            "ipv6_addresses.#": "0",
                            "key_name": "",
                            "monitoring": "false",
                            "network_interface.#": "0",
                            "password_data": "",
                            "placement_group": "",
                            "primary_network_interface_id": "eni-0156349e243727485",
                            "private_dns": "ip-172-31-13-88.eu-west-1.compute.internal",
                            "private_ip": "172.31.13.88",
                            "public_dns": "ec2-34-247-186-219.eu-west-1.compute.amazonaws.com",
                            "public_ip": "34.247.186.219",
                            "root_block_device.#": "1",
                            "root_block_device.0.delete_on_termination": "true",
                            "root_block_device.0.iops": "100",
                            "root_block_device.0.volume_id": "vol-0fadd1130a56dbb76",
                            "root_block_device.0.volume_size": "8",
                            "root_block_device.0.volume_type": "gp2",
                            "security_groups.#": "1",
                            "security_groups.3814588639": "default",
                            "source_dest_check": "true",
                            "subnet_id": "subnet-03fe76ec633ae9c48",
                            "tags.%": "0",
                            "tenancy": "default",
                            "volume_tags.%": "0",
                            "vpc_security_group_ids.#": "1",
                            "vpc_security_group_ids.3842667427": "sg-00175883f7b86e388"
                        },
                        "meta": {
                            "e2bfb730-ecaa-11e6-8f88-34363bc7c4c0": {
                                "create": 600000000000,
                                "delete": 1200000000000,
                                "update": 600000000000
                            },
                            "schema_version": "1"
                        },
                        "tainted": false
                    },
                    "deposed": [],
                    "provider": "module.frontend.provider.aws"
                },
                "data.aws_availability_zones.available": {
                    "type": "aws_availability_zones",
                    "depends_on": [],
                    "primary": {
                        "id": "2019-03-19 19:21:22.648383263 +0000 UTC",
                        "attributes": {
                            "id": "2019-03-19 19:21:22.648383263 +0000 UTC",
                            "names.#": "3",
                            "names.0": "eu-west-1a",
                            "names.1": "eu-west-1b",
                            "names.2": "eu-west-1c",
                            "zone_ids.#": "3",
                            "zone_ids.0": "euw1-az1",
                            "zone_ids.1": "euw1-az2",
                            "zone_ids.2": "euw1-az3"
                        },
                        "meta": {},
                        "tainted": false
                    },
                    "deposed": [],
                    "provider": "module.frontend.provider.aws"
                }
            },
            "depends_on": []
        }
    ]
}
